
Microsoft Visual Studio Solution File, Format Version 12.00
# Visual Studio 15
VisualStudioVersion = 15.0.26430.16
MinimumVisualStudioVersion = 10.0.40219.1
Project("{FAE04EC0-301F-11D3-BF4B-00C04F79EFBC}") = "DependencyInjection.Console", "DependencyInjection.Console\DependencyInjection.Console.csproj", "{B45966B9-0E1F-405D-A9B0-3C9EFA560713}"
EndProject
Project("{2150E333-8FDC-42A3-9474-1A3956D46DE8}") = "Tests", "Tests", "{7BE16096-F963-449A-89CA-59A73F64589D}"
EndProject
Project("{FAE04EC0-301F-11D3-BF4B-00C04F79EFBC}") = "DependencyInjection.Console.Tests", "DependencyInjection.Console.Tests\DependencyInjection.Console.Tests.csproj", "{57CE17FB-523F-48DF-AB9B-74C4A92D8D58}"
EndProject
Global
	GlobalSection(SolutionConfigurationPlatforms) = preSolution
		Debug|Any CPU = Debug|Any CPU
		Release|Any CPU = Release|Any CPU
	EndGlobalSection
	GlobalSection(ProjectConfigurationPlatforms) = postSolution
		{B45966B9-0E1F-405D-A9B0-3C9EFA560713}.Debug|Any CPU.ActiveCfg = Debug|Any CPU
		{B45966B9-0E1F-405D-A9B0-3C9EFA560713}.Debug|Any CPU.Build.0 = Debug|Any CPU
		{B45966B9-0E1F-405D-A9B0-3C9EFA560713}.Release|Any CPU.ActiveCfg = Release|Any CPU
		{B45966B9-0E1F-405D-A9B0-3C9EFA560713}.Release|Any CPU.Build.0 = Release|Any CPU
		{57CE17FB-523F-48DF-AB9B-74C4A92D8D58}.Debug|Any CPU.ActiveCfg = Debug|Any CPU
		{57CE17FB-523F-48DF-AB9B-74C4A92D8D58}.Debug|Any CPU.Build.0 = Debug|Any CPU
		{57CE17FB-523F-48DF-AB9B-74C4A92D8D58}.Release|Any CPU.ActiveCfg = Release|Any CPU
		{57CE17FB-523F-48DF-AB9B-74C4A92D8D58}.Release|Any CPU.Build.0 = Release|Any CPU
	EndGlobalSection
	GlobalSection(SolutionProperties) = preSolution
		HideSolutionNode = FALSE
	EndGlobalSection
	GlobalSection(NestedProjects) = preSolution
		{57CE17FB-523F-48DF-AB9B-74C4A92D8D58} = {7BE16096-F963-449A-89CA-59A73F64589D}
	EndGlobalSection
EndGlobal
